// !$*UTF8*$!
{
	archiveVersion = 1;
	classes = {
	};
	objectVersion = 47;
	objects = {

/* Begin PBXBuildFile section */
		D70271E41C68CCC000CC7C5D /* NotificationViewController.swift in Sources */ = {isa = PBXBuildFile; fileRef = D70271E31C68CCC000CC7C5D /* NotificationViewController.swift */; };
		D70591F51C68B0EE0051CA67 /* RulesViewController.swift in Sources */ = {isa = PBXBuildFile; fileRef = D70591F41C68B0EE0051CA67 /* RulesViewController.swift */; };
		D70591F71C68B37E0051CA67 /* GiftViewController.swift in Sources */ = {isa = PBXBuildFile; fileRef = D70591F61C68B37E0051CA67 /* GiftViewController.swift */; };
		D71F56AA1C68F81B0020E946 /* ClassicViewController.swift in Sources */ = {isa = PBXBuildFile; fileRef = D71F56A91C68F81B0020E946 /* ClassicViewController.swift */; };
		D71F56AE1C68F93E0020E946 /* PlatinumViewController.swift in Sources */ = {isa = PBXBuildFile; fileRef = D71F56AD1C68F93E0020E946 /* PlatinumViewController.swift */; };
		D71F56B01C68F9910020E946 /* BusinessViewController.swift in Sources */ = {isa = PBXBuildFile; fileRef = D71F56AF1C68F9910020E946 /* BusinessViewController.swift */; };
		D72BF4E01C6CE2EF00E2EB96 /* CardType.swift in Sources */ = {isa = PBXBuildFile; fileRef = D72BF4DF1C6CE2EF00E2EB96 /* CardType.swift */; };
		D75896CD1C74D9D2007C960C /* GoldViewController.swift in Sources */ = {isa = PBXBuildFile; fileRef = D75896CC1C74D9D2007C960C /* GoldViewController.swift */; };
		D75946791C7326A2005BEE4A /* ContactViewController.swift in Sources */ = {isa = PBXBuildFile; fileRef = D75946781C7326A2005BEE4A /* ContactViewController.swift */; };
		D759467B1C7328DF005BEE4A /* MapKit.framework in Frameworks */ = {isa = PBXBuildFile; fileRef = D759467A1C7328DF005BEE4A /* MapKit.framework */; };
		D75946821C7332F6005BEE4A /* AutoLayoutHelper.m in Sources */ = {isa = PBXBuildFile; fileRef = D759467F1C7332F6005BEE4A /* AutoLayoutHelper.m */; };
		D75946831C7332F6005BEE4A /* ControlsHelper.m in Sources */ = {isa = PBXBuildFile; fileRef = D75946811C7332F6005BEE4A /* ControlsHelper.m */; };
		D7627EF41C7DED29002CBBC2 /* TableTestViewController.swift in Sources */ = {isa = PBXBuildFile; fileRef = D7627EF31C7DED29002CBBC2 /* TableTestViewController.swift */; };
		D77D58491C64EF3200CBFBF7 /* AppDelegate.swift in Sources */ = {isa = PBXBuildFile; fileRef = D77D58481C64EF3200CBFBF7 /* AppDelegate.swift */; };
		D77D584B1C64EF3200CBFBF7 /* ViewController.swift in Sources */ = {isa = PBXBuildFile; fileRef = D77D584A1C64EF3200CBFBF7 /* ViewController.swift */; };
		D77D584E1C64EF3200CBFBF7 /* Main.storyboard in Resources */ = {isa = PBXBuildFile; fileRef = D77D584C1C64EF3200CBFBF7 /* Main.storyboard */; };
		D77D58501C64EF3200CBFBF7 /* Assets.xcassets in Resources */ = {isa = PBXBuildFile; fileRef = D77D584F1C64EF3200CBFBF7 /* Assets.xcassets */; };
		D77D58531C64EF3200CBFBF7 /* LaunchScreen.storyboard in Resources */ = {isa = PBXBuildFile; fileRef = D77D58511C64EF3200CBFBF7 /* LaunchScreen.storyboard */; };
		D77D585B1C64F1FE00CBFBF7 /* LeftViewController.swift in Sources */ = {isa = PBXBuildFile; fileRef = D77D585A1C64F1FE00CBFBF7 /* LeftViewController.swift */; };
		D77D585D1C64F20C00CBFBF7 /* HomeViewController.swift in Sources */ = {isa = PBXBuildFile; fileRef = D77D585C1C64F20C00CBFBF7 /* HomeViewController.swift */; };
		D77E4F411C7B413300EFBA07 /* ConditionsViewController.swift in Sources */ = {isa = PBXBuildFile; fileRef = D77E4F401C7B413300EFBA07 /* ConditionsViewController.swift */; };
		D77E4F451C7B465500EFBA07 /* source.rtf in Resources */ = {isa = PBXBuildFile; fileRef = D77E4F441C7B465500EFBA07 /* source.rtf */; };
		D7840EFB1C7B53F7005AD59F /* icerik.txt in Resources */ = {isa = PBXBuildFile; fileRef = D7840EFA1C7B53F7005AD59F /* icerik.txt */; };
		D7CCC4E81C6A3F2E0012F42E /* CardViewController.swift in Sources */ = {isa = PBXBuildFile; fileRef = D7CCC4E71C6A3F2E0012F42E /* CardViewController.swift */; };
		D7D3C1651C775DD7004389AB /* gridViewController.swift in Sources */ = {isa = PBXBuildFile; fileRef = D7D3C1641C775DD7004389AB /* gridViewController.swift */; };
		D7D6B9AB1C7DC74D00F0B60C /* mrzKartNedir.txt in Resources */ = {isa = PBXBuildFile; fileRef = D7D6B9AA1C7DC74D00F0B60C /* mrzKartNedir.txt */; };
		E35C23061FFF1DDE8454BA43 /* Pods.framework in Frameworks */ = {isa = PBXBuildFile; fileRef = 9D24E2985E7B7A5AFB77F5F8 /* Pods.framework */; };
/* End PBXBuildFile section */

/* Begin PBXFileReference section */
		591D2E23A927CED84EAFF6BD /* Pods.release.xcconfig */ = {isa = PBXFileReference; includeInIndex = 1; lastKnownFileType = text.xcconfig; name = Pods.release.xcconfig; path = "Pods/Target Support Files/Pods/Pods.release.xcconfig"; sourceTree = "<group>"; };
		9D24E2985E7B7A5AFB77F5F8 /* Pods.framework */ = {isa = PBXFileReference; explicitFileType = wrapper.framework; includeInIndex = 0; path = Pods.framework; sourceTree = BUILT_PRODUCTS_DIR; };
		D70271E31C68CCC000CC7C5D /* NotificationViewController.swift */ = {isa = PBXFileReference; fileEncoding = 4; lastKnownFileType = sourcecode.swift; path = NotificationViewController.swift; sourceTree = "<group>"; };
		D70591F41C68B0EE0051CA67 /* RulesViewController.swift */ = {isa = PBXFileReference; fileEncoding = 4; lastKnownFileType = sourcecode.swift; path = RulesViewController.swift; sourceTree = "<group>"; };
		D70591F61C68B37E0051CA67 /* GiftViewController.swift */ = {isa = PBXFileReference; fileEncoding = 4; lastKnownFileType = sourcecode.swift; path = GiftViewController.swift; sourceTree = "<group>"; };
		D71F56A91C68F81B0020E946 /* ClassicViewController.swift */ = {isa = PBXFileReference; fileEncoding = 4; lastKnownFileType = sourcecode.swift; path = ClassicViewController.swift; sourceTree = "<group>"; };
		D71F56AD1C68F93E0020E946 /* PlatinumViewController.swift */ = {isa = PBXFileReference; fileEncoding = 4; lastKnownFileType = sourcecode.swift; path = PlatinumViewController.swift; sourceTree = "<group>"; };
		D71F56AF1C68F9910020E946 /* BusinessViewController.swift */ = {isa = PBXFileReference; fileEncoding = 4; lastKnownFileType = sourcecode.swift; path = BusinessViewController.swift; sourceTree = "<group>"; };
		D72BF4DF1C6CE2EF00E2EB96 /* CardType.swift */ = {isa = PBXFileReference; fileEncoding = 4; lastKnownFileType = sourcecode.swift; path = CardType.swift; sourceTree = "<group>"; };
		D75896CC1C74D9D2007C960C /* GoldViewController.swift */ = {isa = PBXFileReference; fileEncoding = 4; lastKnownFileType = sourcecode.swift; path = GoldViewController.swift; sourceTree = "<group>"; };
		D75946781C7326A2005BEE4A /* ContactViewController.swift */ = {isa = PBXFileReference; fileEncoding = 4; lastKnownFileType = sourcecode.swift; path = ContactViewController.swift; sourceTree = "<group>"; };
		D759467A1C7328DF005BEE4A /* MapKit.framework */ = {isa = PBXFileReference; lastKnownFileType = wrapper.framework; name = MapKit.framework; path = System/Library/Frameworks/MapKit.framework; sourceTree = SDKROOT; };
		D759467C1C733108005BEE4A /* TestProject-Bridging-Header.h */ = {isa = PBXFileReference; lastKnownFileType = sourcecode.c.h; path = "TestProject-Bridging-Header.h"; sourceTree = "<group>"; };
		D759467E1C7332F6005BEE4A /* AutoLayoutHelper.h */ = {isa = PBXFileReference; fileEncoding = 4; lastKnownFileType = sourcecode.c.h; path = AutoLayoutHelper.h; sourceTree = "<group>"; };
		D759467F1C7332F6005BEE4A /* AutoLayoutHelper.m */ = {isa = PBXFileReference; fileEncoding = 4; lastKnownFileType = sourcecode.c.objc; path = AutoLayoutHelper.m; sourceTree = "<group>"; };
		D75946801C7332F6005BEE4A /* ControlsHelper.h */ = {isa = PBXFileReference; fileEncoding = 4; lastKnownFileType = sourcecode.c.h; path = ControlsHelper.h; sourceTree = "<group>"; };
		D75946811C7332F6005BEE4A /* ControlsHelper.m */ = {isa = PBXFileReference; fileEncoding = 4; lastKnownFileType = sourcecode.c.objc; path = ControlsHelper.m; sourceTree = "<group>"; };
		D7627EF31C7DED29002CBBC2 /* TableTestViewController.swift */ = {isa = PBXFileReference; fileEncoding = 4; lastKnownFileType = sourcecode.swift; path = TableTestViewController.swift; sourceTree = "<group>"; };
		D77D58451C64EF3200CBFBF7 /* TestProject.app */ = {isa = PBXFileReference; explicitFileType = wrapper.application; includeInIndex = 0; path = TestProject.app; sourceTree = BUILT_PRODUCTS_DIR; };
		D77D58481C64EF3200CBFBF7 /* AppDelegate.swift */ = {isa = PBXFileReference; lastKnownFileType = sourcecode.swift; path = AppDelegate.swift; sourceTree = "<group>"; };
		D77D584A1C64EF3200CBFBF7 /* ViewController.swift */ = {isa = PBXFileReference; lastKnownFileType = sourcecode.swift; path = ViewController.swift; sourceTree = "<group>"; };
		D77D584D1C64EF3200CBFBF7 /* Base */ = {isa = PBXFileReference; lastKnownFileType = file.storyboard; name = Base; path = Base.lproj/Main.storyboard; sourceTree = "<group>"; };
		D77D584F1C64EF3200CBFBF7 /* Assets.xcassets */ = {isa = PBXFileReference; lastKnownFileType = folder.assetcatalog; path = Assets.xcassets; sourceTree = "<group>"; };
		D77D58521C64EF3200CBFBF7 /* Base */ = {isa = PBXFileReference; lastKnownFileType = file.storyboard; name = Base; path = Base.lproj/LaunchScreen.storyboard; sourceTree = "<group>"; };
		D77D58541C64EF3200CBFBF7 /* Info.plist */ = {isa = PBXFileReference; lastKnownFileType = text.plist.xml; path = Info.plist; sourceTree = "<group>"; };
		D77D585A1C64F1FE00CBFBF7 /* LeftViewController.swift */ = {isa = PBXFileReference; fileEncoding = 4; lastKnownFileType = sourcecode.swift; path = LeftViewController.swift; sourceTree = "<group>"; };
		D77D585C1C64F20C00CBFBF7 /* HomeViewController.swift */ = {isa = PBXFileReference; fileEncoding = 4; lastKnownFileType = sourcecode.swift; path = HomeViewController.swift; sourceTree = "<group>"; };
		D77E4F401C7B413300EFBA07 /* ConditionsViewController.swift */ = {isa = PBXFileReference; fileEncoding = 4; lastKnownFileType = sourcecode.swift; path = ConditionsViewController.swift; sourceTree = "<group>"; };
		D77E4F441C7B465500EFBA07 /* source.rtf */ = {isa = PBXFileReference; fileEncoding = 4; lastKnownFileType = text.rtf; path = source.rtf; sourceTree = "<group>"; };
		D7840EFA1C7B53F7005AD59F /* icerik.txt */ = {isa = PBXFileReference; fileEncoding = 4; lastKnownFileType = text; path = icerik.txt; sourceTree = "<group>"; };
		D7CCC4E71C6A3F2E0012F42E /* CardViewController.swift */ = {isa = PBXFileReference; fileEncoding = 4; lastKnownFileType = sourcecode.swift; path = CardViewController.swift; sourceTree = "<group>"; };
		D7D3C1641C775DD7004389AB /* gridViewController.swift */ = {isa = PBXFileReference; fileEncoding = 4; lastKnownFileType = sourcecode.swift; path = gridViewController.swift; sourceTree = "<group>"; };
		D7D6B9AA1C7DC74D00F0B60C /* mrzKartNedir.txt */ = {isa = PBXFileReference; fileEncoding = 4; lastKnownFileType = text; path = mrzKartNedir.txt; sourceTree = "<group>"; };
		FE6DE2BBB7D74353A201D150 /* Pods.debug.xcconfig */ = {isa = PBXFileReference; includeInIndex = 1; lastKnownFileType = text.xcconfig; name = Pods.debug.xcconfig; path = "Pods/Target Support Files/Pods/Pods.debug.xcconfig"; sourceTree = "<group>"; };
/* End PBXFileReference section */

/* Begin PBXFrameworksBuildPhase section */
		D77D58421C64EF3200CBFBF7 /* Frameworks */ = {
			isa = PBXFrameworksBuildPhase;
			buildActionMask = 2147483647;
			files = (
				D759467B1C7328DF005BEE4A /* MapKit.framework in Frameworks */,
				E35C23061FFF1DDE8454BA43 /* Pods.framework in Frameworks */,
			);
			runOnlyForDeploymentPostprocessing = 0;
		};
/* End PBXFrameworksBuildPhase section */

/* Begin PBXGroup section */
		08EFA1DF6C52CFF88EB55580 /* Pods */ = {
			isa = PBXGroup;
			children = (
				FE6DE2BBB7D74353A201D150 /* Pods.debug.xcconfig */,
				591D2E23A927CED84EAFF6BD /* Pods.release.xcconfig */,
			);
			name = Pods;
			sourceTree = "<group>";
		};
		B31BD8686DB37D242C39287C /* Frameworks */ = {
			isa = PBXGroup;
			children = (
				D759467A1C7328DF005BEE4A /* MapKit.framework */,
				9D24E2985E7B7A5AFB77F5F8 /* Pods.framework */,
			);
			name = Frameworks;
			sourceTree = "<group>";
		};
		D71F56A81C68F7F80020E946 /* CardTypesViewController */ = {
			isa = PBXGroup;
			children = (
				D71F56A91C68F81B0020E946 /* ClassicViewController.swift */,
				D71F56AD1C68F93E0020E946 /* PlatinumViewController.swift */,
				D71F56AF1C68F9910020E946 /* BusinessViewController.swift */,
				D7CCC4E71C6A3F2E0012F42E /* CardViewController.swift */,
				D75896CC1C74D9D2007C960C /* GoldViewController.swift */,
			);
			name = CardTypesViewController;
			sourceTree = "<group>";
		};
		D72BF4DE1C6CE2C500E2EB96 /* CardTypeStatics */ = {
			isa = PBXGroup;
			children = (
				D72BF4DF1C6CE2EF00E2EB96 /* CardType.swift */,
			);
			name = CardTypeStatics;
			sourceTree = "<group>";
		};
		D759467D1C7332F6005BEE4A /* Utilities */ = {
			isa = PBXGroup;
			children = (
				D759467E1C7332F6005BEE4A /* AutoLayoutHelper.h */,
				D759467F1C7332F6005BEE4A /* AutoLayoutHelper.m */,
				D75946801C7332F6005BEE4A /* ControlsHelper.h */,
				D75946811C7332F6005BEE4A /* ControlsHelper.m */,
			);
			path = Utilities;
			sourceTree = "<group>";
		};
		D77D583C1C64EF3200CBFBF7 = {
			isa = PBXGroup;
			children = (
				D77D58471C64EF3200CBFBF7 /* TestProject */,
				D77D58461C64EF3200CBFBF7 /* Products */,
				08EFA1DF6C52CFF88EB55580 /* Pods */,
				B31BD8686DB37D242C39287C /* Frameworks */,
			);
			sourceTree = "<group>";
		};
		D77D58461C64EF3200CBFBF7 /* Products */ = {
			isa = PBXGroup;
			children = (
				D77D58451C64EF3200CBFBF7 /* TestProject.app */,
			);
			name = Products;
			sourceTree = "<group>";
		};
		D77D58471C64EF3200CBFBF7 /* TestProject */ = {
			isa = PBXGroup;
			children = (
				D72BF4DE1C6CE2C500E2EB96 /* CardTypeStatics */,
				D71F56A81C68F7F80020E946 /* CardTypesViewController */,
				D77D58481C64EF3200CBFBF7 /* AppDelegate.swift */,
				D77D584A1C64EF3200CBFBF7 /* ViewController.swift */,
				D77D584C1C64EF3200CBFBF7 /* Main.storyboard */,
				D77D584F1C64EF3200CBFBF7 /* Assets.xcassets */,
				D77D58511C64EF3200CBFBF7 /* LaunchScreen.storyboard */,
				D77D58541C64EF3200CBFBF7 /* Info.plist */,
				D759467D1C7332F6005BEE4A /* Utilities */,
				D77D585A1C64F1FE00CBFBF7 /* LeftViewController.swift */,
				D77D585C1C64F20C00CBFBF7 /* HomeViewController.swift */,
				D70591F41C68B0EE0051CA67 /* RulesViewController.swift */,
				D7D6B9AA1C7DC74D00F0B60C /* mrzKartNedir.txt */,
				D7840EFA1C7B53F7005AD59F /* icerik.txt */,
				D70591F61C68B37E0051CA67 /* GiftViewController.swift */,
				D70271E31C68CCC000CC7C5D /* NotificationViewController.swift */,
				D75946781C7326A2005BEE4A /* ContactViewController.swift */,
				D77E4F441C7B465500EFBA07 /* source.rtf */,
				D759467C1C733108005BEE4A /* TestProject-Bridging-Header.h */,
				D7D3C1641C775DD7004389AB /* gridViewController.swift */,
				D77E4F401C7B413300EFBA07 /* ConditionsViewController.swift */,
				D7627EF31C7DED29002CBBC2 /* TableTestViewController.swift */,
			);
			path = TestProject;
			sourceTree = "<group>";
		};
/* End PBXGroup section */

/* Begin PBXNativeTarget section */
		D77D58441C64EF3200CBFBF7 /* TestProject */ = {
			isa = PBXNativeTarget;
			buildConfigurationList = D77D58571C64EF3200CBFBF7 /* Build configuration list for PBXNativeTarget "TestProject" */;
			buildPhases = (
				20F2BB128A2D475D4CF7C8D7 /* Check Pods Manifest.lock */,
				D77D58411C64EF3200CBFBF7 /* Sources */,
				D77D58421C64EF3200CBFBF7 /* Frameworks */,
				D77D58431C64EF3200CBFBF7 /* Resources */,
				10F2DB342783F2510F2E23CB /* Embed Pods Frameworks */,
				50C2FDA7C9A946F782383C1A /* Copy Pods Resources */,
			);
			buildRules = (
			);
			dependencies = (
			);
			name = TestProject;
			productName = TestProject;
			productReference = D77D58451C64EF3200CBFBF7 /* TestProject.app */;
			productType = "com.apple.product-type.application";
		};
/* End PBXNativeTarget section */

/* Begin PBXProject section */
		D77D583D1C64EF3200CBFBF7 /* Project object */ = {
			isa = PBXProject;
			attributes = {
				LastSwiftUpdateCheck = 0720;
				LastUpgradeCheck = 0720;
				ORGANIZATIONNAME = "Onur Atlı";
				TargetAttributes = {
					D77D58441C64EF3200CBFBF7 = {
						CreatedOnToolsVersion = 7.2;
					};
				};
			};
			buildConfigurationList = D77D58401C64EF3200CBFBF7 /* Build configuration list for PBXProject "TestProject" */;
			compatibilityVersion = "Xcode 6.3";
			developmentRegion = English;
			hasScannedForEncodings = 0;
			knownRegions = (
				en,
				Base,
			);
			mainGroup = D77D583C1C64EF3200CBFBF7;
			productRefGroup = D77D58461C64EF3200CBFBF7 /* Products */;
			projectDirPath = "";
			projectRoot = "";
			targets = (
				D77D58441C64EF3200CBFBF7 /* TestProject */,
			);
		};
/* End PBXProject section */

/* Begin PBXResourcesBuildPhase section */
		D77D58431C64EF3200CBFBF7 /* Resources */ = {
			isa = PBXResourcesBuildPhase;
			buildActionMask = 2147483647;
			files = (
				D7840EFB1C7B53F7005AD59F /* icerik.txt in Resources */,
				D7D6B9AB1C7DC74D00F0B60C /* mrzKartNedir.txt in Resources */,
				D77D58531C64EF3200CBFBF7 /* LaunchScreen.storyboard in Resources */,
				D77E4F451C7B465500EFBA07 /* source.rtf in Resources */,
				D77D58501C64EF3200CBFBF7 /* Assets.xcassets in Resources */,
				D77D584E1C64EF3200CBFBF7 /* Main.storyboard in Resources */,
			);
			runOnlyForDeploymentPostprocessing = 0;
		};
/* End PBXResourcesBuildPhase section */

/* Begin PBXShellScriptBuildPhase section */
		10F2DB342783F2510F2E23CB /* Embed Pods Frameworks */ = {
			isa = PBXShellScriptBuildPhase;
			buildActionMask = 2147483647;
			files = (
			);
			inputPaths = (
			);
			name = "Embed Pods Frameworks";
			outputPaths = (
			);
			runOnlyForDeploymentPostprocessing = 0;
			shellPath = /bin/sh;
			shellScript = "\"${SRCROOT}/Pods/Target Support Files/Pods/Pods-frameworks.sh\"\n";
			showEnvVarsInLog = 0;
		};
		20F2BB128A2D475D4CF7C8D7 /* Check Pods Manifest.lock */ = {
			isa = PBXShellScriptBuildPhase;
			buildActionMask = 2147483647;
			files = (
			);
			inputPaths = (
			);
			name = "Check Pods Manifest.lock";
			outputPaths = (
			);
			runOnlyForDeploymentPostprocessing = 0;
			shellPath = /bin/sh;
			shellScript = "diff \"${PODS_ROOT}/../Podfile.lock\" \"${PODS_ROOT}/Manifest.lock\" > /dev/null\nif [[ $? != 0 ]] ; then\n    cat << EOM\nerror: The sandbox is not in sync with the Podfile.lock. Run 'pod install' or update your CocoaPods installation.\nEOM\n    exit 1\nfi\n";
			showEnvVarsInLog = 0;
		};
		50C2FDA7C9A946F782383C1A /* Copy Pods Resources */ = {
			isa = PBXShellScriptBuildPhase;
			buildActionMask = 2147483647;
			files = (
			);
			inputPaths = (
			);
			name = "Copy Pods Resources";
			outputPaths = (
			);
			runOnlyForDeploymentPostprocessing = 0;
			shellPath = /bin/sh;
			shellScript = "\"${SRCROOT}/Pods/Target Support Files/Pods/Pods-resources.sh\"\n";
			showEnvVarsInLog = 0;
		};
/* End PBXShellScriptBuildPhase section */

/* Begin PBXSourcesBuildPhase section */
		D77D58411C64EF3200CBFBF7 /* Sources */ = {
			isa = PBXSourcesBuildPhase;
			buildActionMask = 2147483647;
			files = (
				D7D3C1651C775DD7004389AB /* gridViewController.swift in Sources */,
				D70591F51C68B0EE0051CA67 /* RulesViewController.swift in Sources */,
				D75946791C7326A2005BEE4A /* ContactViewController.swift in Sources */,
				D77D585B1C64F1FE00CBFBF7 /* LeftViewController.swift in Sources */,
				D71F56AE1C68F93E0020E946 /* PlatinumViewController.swift in Sources */,
				D7627EF41C7DED29002CBBC2 /* TableTestViewController.swift in Sources */,
				D77D584B1C64EF3200CBFBF7 /* ViewController.swift in Sources */,
				D70271E41C68CCC000CC7C5D /* NotificationViewController.swift in Sources */,
				D77D58491C64EF3200CBFBF7 /* AppDelegate.swift in Sources */,
				D70591F71C68B37E0051CA67 /* GiftViewController.swift in Sources */,
				D77D585D1C64F20C00CBFBF7 /* HomeViewController.swift in Sources */,
				D7CCC4E81C6A3F2E0012F42E /* CardViewController.swift in Sources */,
				D71F56AA1C68F81B0020E946 /* ClassicViewController.swift in Sources */,
				D77E4F411C7B413300EFBA07 /* ConditionsViewController.swift in Sources */,
				D75896CD1C74D9D2007C960C /* GoldViewController.swift in Sources */,
				D71F56B01C68F9910020E946 /* BusinessViewController.swift in Sources */,
				D75946821C7332F6005BEE4A /* AutoLayoutHelper.m in Sources */,
				D72BF4E01C6CE2EF00E2EB96 /* CardType.swift in Sources */,
				D75946831C7332F6005BEE4A /* ControlsHelper.m in Sources */,
			);
			runOnlyForDeploymentPostprocessing = 0;
		};
/* End PBXSourcesBuildPhase section */

/* Begin PBXVariantGroup section */
		D77D584C1C64EF3200CBFBF7 /* Main.storyboard */ = {
			isa = PBXVariantGroup;
			children = (
				D77D584D1C64EF3200CBFBF7 /* Base */,
			);
			name = Main.storyboard;
			sourceTree = "<group>";
		};
		D77D58511C64EF3200CBFBF7 /* LaunchScreen.storyboard */ = {
			isa = PBXVariantGroup;
			children = (
				D77D58521C64EF3200CBFBF7 /* Base */,
			);
			name = LaunchScreen.storyboard;
			sourceTree = "<group>";
		};
/* End PBXVariantGroup section */

/* Begin XCBuildConfiguration section */
		D77D58551C64EF3200CBFBF7 /* Debug */ = {
			isa = XCBuildConfiguration;
			buildSettings = {
				ALWAYS_SEARCH_USER_PATHS = NO;
				CLANG_CXX_LANGUAGE_STANDARD = "gnu++0x";
				CLANG_CXX_LIBRARY = "libc++";
				CLANG_ENABLE_MODULES = YES;
				CLANG_ENABLE_OBJC_ARC = YES;
				CLANG_WARN_BOOL_CONVERSION = YES;
				CLANG_WARN_CONSTANT_CONVERSION = YES;
				CLANG_WARN_DIRECT_OBJC_ISA_USAGE = YES_ERROR;
				CLANG_WARN_EMPTY_BODY = YES;
				CLANG_WARN_ENUM_CONVERSION = YES;
				CLANG_WARN_INT_CONVERSION = YES;
				CLANG_WARN_OBJC_ROOT_CLASS = YES_ERROR;
				CLANG_WARN_UNREACHABLE_CODE = YES;
				CLANG_WARN__DUPLICATE_METHOD_MATCH = YES;
				"CODE_SIGN_IDENTITY[sdk=iphoneos*]" = "iPhone Developer";
				COPY_PHASE_STRIP = NO;
				DEBUG_INFORMATION_FORMAT = dwarf;
				ENABLE_STRICT_OBJC_MSGSEND = YES;
				ENABLE_TESTABILITY = YES;
				GCC_C_LANGUAGE_STANDARD = gnu99;
				GCC_DYNAMIC_NO_PIC = NO;
				GCC_NO_COMMON_BLOCKS = YES;
				GCC_OPTIMIZATION_LEVEL = 0;
				GCC_PREPROCESSOR_DEFINITIONS = (
					"DEBUG=1",
					"$(inherited)",
				);
				GCC_WARN_64_TO_32_BIT_CONVERSION = YES;
				GCC_WARN_ABOUT_RETURN_TYPE = YES_ERROR;
				GCC_WARN_UNDECLARED_SELECTOR = YES;
				GCC_WARN_UNINITIALIZED_AUTOS = YES_AGGRESSIVE;
				GCC_WARN_UNUSED_FUNCTION = YES;
				GCC_WARN_UNUSED_VARIABLE = YES;
				IPHONEOS_DEPLOYMENT_TARGET = 9.2;
				MTL_ENABLE_DEBUG_INFO = YES;
				ONLY_ACTIVE_ARCH = YES;
				SDKROOT = iphoneos;
				SWIFT_OBJC_BRIDGING_HEADER = "TestProject/TestProject-Bridging-Header.h";
				SWIFT_OPTIMIZATION_LEVEL = "-Onone";
				TARGETED_DEVICE_FAMILY = "1,2";
			};
			name = Debug;
		};
		D77D58561C64EF3200CBFBF7 /* Release */ = {
			isa = XCBuildConfiguration;
			buildSettings = {
				ALWAYS_SEARCH_USER_PATHS = NO;
				CLANG_CXX_LANGUAGE_STANDARD = "gnu++0x";
				CLANG_CXX_LIBRARY = "libc++";
				CLANG_ENABLE_MODULES = YES;
				CLANG_ENABLE_OBJC_ARC = YES;
				CLANG_WARN_BOOL_CONVERSION = YES;
				CLANG_WARN_CONSTANT_CONVERSION = YES;
				CLANG_WARN_DIRECT_OBJC_ISA_USAGE = YES_ERROR;
				CLANG_WARN_EMPTY_BODY = YES;
				CLANG_WARN_ENUM_CONVERSION = YES;
				CLANG_WARN_INT_CONVERSION = YES;
				CLANG_WARN_OBJC_ROOT_CLASS = YES_ERROR;
				CLANG_WARN_UNREACHABLE_CODE = YES;
				CLANG_WARN__DUPLICATE_METHOD_MATCH = YES;
				"CODE_SIGN_IDENTITY[sdk=iphoneos*]" = "iPhone Developer";
				COPY_PHASE_STRIP = NO;
				DEBUG_INFORMATION_FORMAT = "dwarf-with-dsym";
				ENABLE_NS_ASSERTIONS = NO;
				ENABLE_STRICT_OBJC_MSGSEND = YES;
				GCC_C_LANGUAGE_STANDARD = gnu99;
				GCC_NO_COMMON_BLOCKS = YES;
				GCC_WARN_64_TO_32_BIT_CONVERSION = YES;
				GCC_WARN_ABOUT_RETURN_TYPE = YES_ERROR;
				GCC_WARN_UNDECLARED_SELECTOR = YES;
				GCC_WARN_UNINITIALIZED_AUTOS = YES_AGGRESSIVE;
				GCC_WARN_UNUSED_FUNCTION = YES;
				GCC_WARN_UNUSED_VARIABLE = YES;
				IPHONEOS_DEPLOYMENT_TARGET = 9.2;
				MTL_ENABLE_DEBUG_INFO = NO;
				SDKROOT = iphoneos;
				SWIFT_OBJC_BRIDGING_HEADER = "TestProject/TestProject-Bridging-Header.h";
				TARGETED_DEVICE_FAMILY = "1,2";
				VALIDATE_PRODUCT = YES;
			};
			name = Release;
		};
		D77D58581C64EF3200CBFBF7 /* Debug */ = {
			isa = XCBuildConfiguration;
			baseConfigurationReference = FE6DE2BBB7D74353A201D150 /* Pods.debug.xcconfig */;
			buildSettings = {
				ASSETCATALOG_COMPILER_APPICON_NAME = "";
				INFOPLIST_FILE = TestProject/Info.plist;
				LD_RUNPATH_SEARCH_PATHS = "$(inherited) @executable_path/Frameworks";
				PRODUCT_BUNDLE_IDENTIFIER = onur.TestProject;
				PRODUCT_NAME = "$(TARGET_NAME)";
			};
			name = Debug;
		};
		D77D58591C64EF3200CBFBF7 /* Release */ = {
			isa = XCBuildConfiguration;
			baseConfigurationReference = 591D2E23A927CED84EAFF6BD /* Pods.release.xcconfig */;
			buildSettings = {
				ASSETCATALOG_COMPILER_APPICON_NAME = "";
				INFOPLIST_FILE = TestProject/Info.plist;
				LD_RUNPATH_SEARCH_PATHS = "$(inherited) @executable_path/Frameworks";
				PRODUCT_BUNDLE_IDENTIFIER = onur.TestProject;
				PRODUCT_NAME = "$(TARGET_NAME)";
			};
			name = Release;
		};
/* End XCBuildConfiguration section */

/* Begin XCConfigurationList section */
		D77D58401C64EF3200CBFBF7 /* Build configuration list for PBXProject "TestProject" */ = {
			isa = XCConfigurationList;
			buildConfigurations = (
				D77D58551C64EF3200CBFBF7 /* Debug */,
				D77D58561C64EF3200CBFBF7 /* Release */,
			);
			defaultConfigurationIsVisible = 0;
			defaultConfigurationName = Release;
		};
		D77D58571C64EF3200CBFBF7 /* Build configuration list for PBXNativeTarget "TestProject" */ = {
			isa = XCConfigurationList;
			buildConfigurations = (
				D77D58581C64EF3200CBFBF7 /* Debug */,
				D77D58591C64EF3200CBFBF7 /* Release */,
			);
			defaultConfigurationIsVisible = 0;
			defaultConfigurationName = Release;
		};
/* End XCConfigurationList section */
	};
	rootObject = D77D583D1C64EF3200CBFBF7 /* Project object */;
}
